
Microsoft Visual Studio Solution File, Format Version 12.00
# Visual Studio Version 16
VisualStudioVersion = 16.0.30225.117
MinimumVisualStudioVersion = 10.0.40219.1
Project("{FAE04EC0-301F-11D3-BF4B-00C04F79EFBC}") = "Tarea_Carrera", "Tarea_Carrera\Tarea_Carrera.csproj", "{93CCD0B8-CB74-4EF9-9C7E-B513AF9092D5}"
EndProject
Global
	GlobalSection(SolutionConfigurationPlatforms) = preSolution
		Debug|Any CPU = Debug|Any CPU
		Release|Any CPU = Release|Any CPU
	EndGlobalSection
	GlobalSection(ProjectConfigurationPlatforms) = postSolution
		{93CCD0B8-CB74-4EF9-9C7E-B513AF9092D5}.Debug|Any CPU.ActiveCfg = Debug|Any CPU
		{93CCD0B8-CB74-4EF9-9C7E-B513AF9092D5}.Debug|Any CPU.Build.0 = Debug|Any CPU
		{93CCD0B8-CB74-4EF9-9C7E-B513AF9092D5}.Release|Any CPU.ActiveCfg = Release|Any CPU
		{93CCD0B8-CB74-4EF9-9C7E-B513AF9092D5}.Release|Any CPU.Build.0 = Release|Any CPU
	EndGlobalSection
	GlobalSection(SolutionProperties) = preSolution
		HideSolutionNode = FALSE
	EndGlobalSection
	GlobalSection(ExtensibilityGlobals) = postSolution
		SolutionGuid = {1CEA2611-89F9-4B6E-B9BB-47879924C1D6}
	EndGlobalSection
EndGlobal
